// !$*UTF8*$!
{
	archiveVersion = 1;
	classes = {
	};
	objectVersion = 55;
	objects = {

/* Begin PBXBuildFile section */
		FF66B4B528B9EED600A4C27E /* AppDelegate.swift in Sources */ = {isa = PBXBuildFile; fileRef = FF66B4B428B9EED600A4C27E /* AppDelegate.swift */; };
		FF66B4B728B9EED600A4C27E /* SceneDelegate.swift in Sources */ = {isa = PBXBuildFile; fileRef = FF66B4B628B9EED600A4C27E /* SceneDelegate.swift */; };
		FF66B4BC28B9EED600A4C27E /* Main.storyboard in Resources */ = {isa = PBXBuildFile; fileRef = FF66B4BA28B9EED600A4C27E /* Main.storyboard */; };
		FF66B4BE28B9EEDA00A4C27E /* Assets.xcassets in Resources */ = {isa = PBXBuildFile; fileRef = FF66B4BD28B9EEDA00A4C27E /* Assets.xcassets */; };
		FF66B4C128B9EEDA00A4C27E /* LaunchScreen.storyboard in Resources */ = {isa = PBXBuildFile; fileRef = FF66B4BF28B9EEDA00A4C27E /* LaunchScreen.storyboard */; };
		FF66B4CE28B9F08A00A4C27E /* MainViewController.swift in Sources */ = {isa = PBXBuildFile; fileRef = FF66B4CD28B9F08A00A4C27E /* MainViewController.swift */; };
		FF66B4D028B9F10600A4C27E /* Colors.xcassets in Resources */ = {isa = PBXBuildFile; fileRef = FF66B4CF28B9F10600A4C27E /* Colors.xcassets */; };
		FF66B4D428B9F5AF00A4C27E /* UIViewExtension.swift in Sources */ = {isa = PBXBuildFile; fileRef = FF66B4D328B9F5AF00A4C27E /* UIViewExtension.swift */; };
		FF66B4D628B9F5CF00A4C27E /* UIColorExtension.swift in Sources */ = {isa = PBXBuildFile; fileRef = FF66B4D528B9F5CF00A4C27E /* UIColorExtension.swift */; };
		FF66B4D828B9F5ED00A4C27E /* UIImageExtension.swift in Sources */ = {isa = PBXBuildFile; fileRef = FF66B4D728B9F5ED00A4C27E /* UIImageExtension.swift */; };
		FF66B4DB28B9FAF500A4C27E /* AppStrings.swift in Sources */ = {isa = PBXBuildFile; fileRef = FF66B4DA28B9FAF500A4C27E /* AppStrings.swift */; };
		FF66B4DD28B9FC7B00A4C27E /* TestViewController.swift in Sources */ = {isa = PBXBuildFile; fileRef = FF66B4DC28B9FC7B00A4C27E /* TestViewController.swift */; };
		FF66B4DF28B9FC8300A4C27E /* SettingsViewController.swift in Sources */ = {isa = PBXBuildFile; fileRef = FF66B4DE28B9FC8300A4C27E /* SettingsViewController.swift */; };
		FFAAFDF228C289BB0097A457 /* BaseViewController.swift in Sources */ = {isa = PBXBuildFile; fileRef = FFAAFDF128C289BB0097A457 /* BaseViewController.swift */; };
		FFAAFDF428C3814E0097A457 /* BlackScreenViewController.swift in Sources */ = {isa = PBXBuildFile; fileRef = FFAAFDF328C3814E0097A457 /* BlackScreenViewController.swift */; };
/* End PBXBuildFile section */

/* Begin PBXFileReference section */
		049C234E28D88C720012FF5A /* NotificationService.swift */ = {isa = PBXFileReference; lastKnownFileType = sourcecode.swift; path = NotificationService.swift; sourceTree = "<group>"; };
		049C235028D88C720012FF5A /* Info.plist */ = {isa = PBXFileReference; lastKnownFileType = text.plist.xml; path = Info.plist; sourceTree = "<group>"; };
		FF66B4B128B9EED600A4C27E /* iSense.app */ = {isa = PBXFileReference; explicitFileType = wrapper.application; includeInIndex = 0; path = iSense.app; sourceTree = BUILT_PRODUCTS_DIR; };
		FF66B4B428B9EED600A4C27E /* AppDelegate.swift */ = {isa = PBXFileReference; lastKnownFileType = sourcecode.swift; path = AppDelegate.swift; sourceTree = "<group>"; };
		FF66B4B628B9EED600A4C27E /* SceneDelegate.swift */ = {isa = PBXFileReference; lastKnownFileType = sourcecode.swift; path = SceneDelegate.swift; sourceTree = "<group>"; };
		FF66B4BB28B9EED600A4C27E /* Base */ = {isa = PBXFileReference; lastKnownFileType = file.storyboard; name = Base; path = Base.lproj/Main.storyboard; sourceTree = "<group>"; };
		FF66B4BD28B9EEDA00A4C27E /* Assets.xcassets */ = {isa = PBXFileReference; lastKnownFileType = folder.assetcatalog; path = Assets.xcassets; sourceTree = "<group>"; };
		FF66B4C028B9EEDA00A4C27E /* Base */ = {isa = PBXFileReference; lastKnownFileType = file.storyboard; name = Base; path = Base.lproj/LaunchScreen.storyboard; sourceTree = "<group>"; };
		FF66B4C228B9EEDA00A4C27E /* Info.plist */ = {isa = PBXFileReference; lastKnownFileType = text.plist.xml; path = Info.plist; sourceTree = "<group>"; };
		FF66B4CD28B9F08A00A4C27E /* MainViewController.swift */ = {isa = PBXFileReference; lastKnownFileType = sourcecode.swift; path = MainViewController.swift; sourceTree = "<group>"; };
		FF66B4CF28B9F10600A4C27E /* Colors.xcassets */ = {isa = PBXFileReference; lastKnownFileType = folder.assetcatalog; path = Colors.xcassets; sourceTree = "<group>"; };
		FF66B4D328B9F5AF00A4C27E /* UIViewExtension.swift */ = {isa = PBXFileReference; lastKnownFileType = sourcecode.swift; path = UIViewExtension.swift; sourceTree = "<group>"; };
		FF66B4D528B9F5CF00A4C27E /* UIColorExtension.swift */ = {isa = PBXFileReference; lastKnownFileType = sourcecode.swift; path = UIColorExtension.swift; sourceTree = "<group>"; };
		FF66B4D728B9F5ED00A4C27E /* UIImageExtension.swift */ = {isa = PBXFileReference; lastKnownFileType = sourcecode.swift; path = UIImageExtension.swift; sourceTree = "<group>"; };
		FF66B4DA28B9FAF500A4C27E /* AppStrings.swift */ = {isa = PBXFileReference; lastKnownFileType = sourcecode.swift; path = AppStrings.swift; sourceTree = "<group>"; };
		FF66B4DC28B9FC7B00A4C27E /* TestViewController.swift */ = {isa = PBXFileReference; lastKnownFileType = sourcecode.swift; path = TestViewController.swift; sourceTree = "<group>"; };
		FF66B4DE28B9FC8300A4C27E /* SettingsViewController.swift */ = {isa = PBXFileReference; lastKnownFileType = sourcecode.swift; path = SettingsViewController.swift; sourceTree = "<group>"; };
		FFAAFDF128C289BB0097A457 /* BaseViewController.swift */ = {isa = PBXFileReference; lastKnownFileType = sourcecode.swift; path = BaseViewController.swift; sourceTree = "<group>"; };
		FFAAFDF328C3814E0097A457 /* BlackScreenViewController.swift */ = {isa = PBXFileReference; lastKnownFileType = sourcecode.swift; path = BlackScreenViewController.swift; sourceTree = "<group>"; };
/* End PBXFileReference section */

/* Begin PBXFrameworksBuildPhase section */
		FF66B4AE28B9EED600A4C27E /* Frameworks */ = {
			isa = PBXFrameworksBuildPhase;
			buildActionMask = 2147483647;
			files = (
			);
			runOnlyForDeploymentPostprocessing = 0;
		};
/* End PBXFrameworksBuildPhase section */

/* Begin PBXGroup section */
		049C234D28D88C720012FF5A /* smartwatch */ = {
			isa = PBXGroup;
			children = (
				049C234E28D88C720012FF5A /* NotificationService.swift */,
				049C235028D88C720012FF5A /* Info.plist */,
			);
			path = smartwatch;
			sourceTree = "<group>";
		};
		FF66B4A828B9EED600A4C27E = {
			isa = PBXGroup;
			children = (
				FF66B4B328B9EED600A4C27E /* iSense */,
				049C234D28D88C720012FF5A /* smartwatch */,
				FF66B4B228B9EED600A4C27E /* Products */,
			);
			sourceTree = "<group>";
		};
		FF66B4B228B9EED600A4C27E /* Products */ = {
			isa = PBXGroup;
			children = (
				FF66B4B128B9EED600A4C27E /* iSense.app */,
			);
			name = Products;
			sourceTree = "<group>";
		};
		FF66B4B328B9EED600A4C27E /* iSense */ = {
			isa = PBXGroup;
			children = (
				FF66B4C828B9EFE000A4C27E /* Supporting Files */,
				FF66B4CC28B9F01000A4C27E /* Views */,
				FF66B4C928B9EFEF00A4C27E /* Storyboards */,
				FF66B4CB28B9F00100A4C27E /* Assets abd Colors */,
				FF66B4D128B9F57100A4C27E /* Extesnions */,
				FF66B4D928B9FAE600A4C27E /* Utils */,
				FF66B4CA28B9EFF900A4C27E /* Launch Screen */,
				FF66B4C228B9EEDA00A4C27E /* Info.plist */,
			);
			path = iSense;
			sourceTree = "<group>";
		};
		FF66B4C828B9EFE000A4C27E /* Supporting Files */ = {
			isa = PBXGroup;
			children = (
				FF66B4B428B9EED600A4C27E /* AppDelegate.swift */,
				FF66B4B628B9EED600A4C27E /* SceneDelegate.swift */,
			);
			path = "Supporting Files";
			sourceTree = "<group>";
		};
		FF66B4C928B9EFEF00A4C27E /* Storyboards */ = {
			isa = PBXGroup;
			children = (
				FF66B4BA28B9EED600A4C27E /* Main.storyboard */,
			);
			path = Storyboards;
			sourceTree = "<group>";
		};
		FF66B4CA28B9EFF900A4C27E /* Launch Screen */ = {
			isa = PBXGroup;
			children = (
				FF66B4BF28B9EEDA00A4C27E /* LaunchScreen.storyboard */,
			);
			path = "Launch Screen";
			sourceTree = "<group>";
		};
		FF66B4CB28B9F00100A4C27E /* Assets abd Colors */ = {
			isa = PBXGroup;
			children = (
				FF66B4BD28B9EEDA00A4C27E /* Assets.xcassets */,
				FF66B4CF28B9F10600A4C27E /* Colors.xcassets */,
			);
			path = "Assets abd Colors";
			sourceTree = "<group>";
		};
		FF66B4CC28B9F01000A4C27E /* Views */ = {
			isa = PBXGroup;
			children = (
				FF66B4CD28B9F08A00A4C27E /* MainViewController.swift */,
				FF66B4DC28B9FC7B00A4C27E /* TestViewController.swift */,
				FF66B4DE28B9FC8300A4C27E /* SettingsViewController.swift */,
				FFAAFDF128C289BB0097A457 /* BaseViewController.swift */,
				FFAAFDF328C3814E0097A457 /* BlackScreenViewController.swift */,
			);
			path = Views;
			sourceTree = "<group>";
		};
		FF66B4D128B9F57100A4C27E /* Extesnions */ = {
			isa = PBXGroup;
			children = (
				FF66B4D328B9F5AF00A4C27E /* UIViewExtension.swift */,
				FF66B4D528B9F5CF00A4C27E /* UIColorExtension.swift */,
				FF66B4D728B9F5ED00A4C27E /* UIImageExtension.swift */,
			);
			path = Extesnions;
			sourceTree = "<group>";
		};
		FF66B4D928B9FAE600A4C27E /* Utils */ = {
			isa = PBXGroup;
			children = (
				FF66B4DA28B9FAF500A4C27E /* AppStrings.swift */,
			);
			path = Utils;
			sourceTree = "<group>";
		};
/* End PBXGroup section */

/* Begin PBXNativeTarget section */
		FF66B4B028B9EED600A4C27E /* iSense */ = {
			isa = PBXNativeTarget;
			buildConfigurationList = FF66B4C528B9EEDA00A4C27E /* Build configuration list for PBXNativeTarget "iSense" */;
			buildPhases = (
				FF66B4AD28B9EED600A4C27E /* Sources */,
				FF66B4AE28B9EED600A4C27E /* Frameworks */,
				FF66B4AF28B9EED600A4C27E /* Resources */,
			);
			buildRules = (
			);
			dependencies = (
			);
			name = iSense;
			productName = iSense;
			productReference = FF66B4B128B9EED600A4C27E /* iSense.app */;
			productType = "com.apple.product-type.application";
		};
/* End PBXNativeTarget section */

/* Begin PBXProject section */
		FF66B4A928B9EED600A4C27E /* Project object */ = {
			isa = PBXProject;
			attributes = {
				BuildIndependentTargetsInParallel = 1;
				LastSwiftUpdateCheck = 1400;
				LastUpgradeCheck = 1340;
				TargetAttributes = {
					FF66B4B028B9EED600A4C27E = {
						CreatedOnToolsVersion = 13.4.1;
					};
				};
			};
			buildConfigurationList = FF66B4AC28B9EED600A4C27E /* Build configuration list for PBXProject "iSense" */;
			compatibilityVersion = "Xcode 13.0";
			developmentRegion = en;
			hasScannedForEncodings = 0;
			knownRegions = (
				en,
				Base,
			);
			mainGroup = FF66B4A828B9EED600A4C27E;
			productRefGroup = FF66B4B228B9EED600A4C27E /* Products */;
			projectDirPath = "";
			projectRoot = "";
			targets = (
				FF66B4B028B9EED600A4C27E /* iSense */,
			);
		};
/* End PBXProject section */

/* Begin PBXResourcesBuildPhase section */
		FF66B4AF28B9EED600A4C27E /* Resources */ = {
			isa = PBXResourcesBuildPhase;
			buildActionMask = 2147483647;
			files = (
				FF66B4C128B9EEDA00A4C27E /* LaunchScreen.storyboard in Resources */,
				FF66B4D028B9F10600A4C27E /* Colors.xcassets in Resources */,
				FF66B4BE28B9EEDA00A4C27E /* Assets.xcassets in Resources */,
				FF66B4BC28B9EED600A4C27E /* Main.storyboard in Resources */,
			);
			runOnlyForDeploymentPostprocessing = 0;
		};
/* End PBXResourcesBuildPhase section */

/* Begin PBXSourcesBuildPhase section */
		FF66B4AD28B9EED600A4C27E /* Sources */ = {
			isa = PBXSourcesBuildPhase;
			buildActionMask = 2147483647;
			files = (
				FF66B4DB28B9FAF500A4C27E /* AppStrings.swift in Sources */,
				FF66B4B528B9EED600A4C27E /* AppDelegate.swift in Sources */,
				FF66B4DD28B9FC7B00A4C27E /* TestViewController.swift in Sources */,
				FF66B4B728B9EED600A4C27E /* SceneDelegate.swift in Sources */,
				FFAAFDF428C3814E0097A457 /* BlackScreenViewController.swift in Sources */,
				FF66B4D628B9F5CF00A4C27E /* UIColorExtension.swift in Sources */,
				FFAAFDF228C289BB0097A457 /* BaseViewController.swift in Sources */,
				FF66B4D428B9F5AF00A4C27E /* UIViewExtension.swift in Sources */,
				FF66B4CE28B9F08A00A4C27E /* MainViewController.swift in Sources */,
				FF66B4D828B9F5ED00A4C27E /* UIImageExtension.swift in Sources */,
				FF66B4DF28B9FC8300A4C27E /* SettingsViewController.swift in Sources */,
			);
			runOnlyForDeploymentPostprocessing = 0;
		};
/* End PBXSourcesBuildPhase section */

/* Begin PBXVariantGroup section */
		FF66B4BA28B9EED600A4C27E /* Main.storyboard */ = {
			isa = PBXVariantGroup;
			children = (
				FF66B4BB28B9EED600A4C27E /* Base */,
			);
			name = Main.storyboard;
			sourceTree = "<group>";
		};
		FF66B4BF28B9EEDA00A4C27E /* LaunchScreen.storyboard */ = {
			isa = PBXVariantGroup;
			children = (
				FF66B4C028B9EEDA00A4C27E /* Base */,
			);
			name = LaunchScreen.storyboard;
			sourceTree = "<group>";
		};
/* End PBXVariantGroup section */

/* Begin XCBuildConfiguration section */
		FF66B4C328B9EEDA00A4C27E /* Debug */ = {
			isa = XCBuildConfiguration;
			buildSettings = {
				ALWAYS_SEARCH_USER_PATHS = NO;
				CLANG_ANALYZER_NONNULL = YES;
				CLANG_ANALYZER_NUMBER_OBJECT_CONVERSION = YES_AGGRESSIVE;
				CLANG_CXX_LANGUAGE_STANDARD = "gnu++17";
				CLANG_ENABLE_MODULES = YES;
				CLANG_ENABLE_OBJC_ARC = YES;
				CLANG_ENABLE_OBJC_WEAK = YES;
				CLANG_WARN_BLOCK_CAPTURE_AUTORELEASING = YES;
				CLANG_WARN_BOOL_CONVERSION = YES;
				CLANG_WARN_COMMA = YES;
				CLANG_WARN_CONSTANT_CONVERSION = YES;
				CLANG_WARN_DEPRECATED_OBJC_IMPLEMENTATIONS = YES;
				CLANG_WARN_DIRECT_OBJC_ISA_USAGE = YES_ERROR;
				CLANG_WARN_DOCUMENTATION_COMMENTS = YES;
				CLANG_WARN_EMPTY_BODY = YES;
				CLANG_WARN_ENUM_CONVERSION = YES;
				CLANG_WARN_INFINITE_RECURSION = YES;
				CLANG_WARN_INT_CONVERSION = YES;
				CLANG_WARN_NON_LITERAL_NULL_CONVERSION = YES;
				CLANG_WARN_OBJC_IMPLICIT_RETAIN_SELF = YES;
				CLANG_WARN_OBJC_LITERAL_CONVERSION = YES;
				CLANG_WARN_OBJC_ROOT_CLASS = YES_ERROR;
				CLANG_WARN_QUOTED_INCLUDE_IN_FRAMEWORK_HEADER = YES;
				CLANG_WARN_RANGE_LOOP_ANALYSIS = YES;
				CLANG_WARN_STRICT_PROTOTYPES = YES;
				CLANG_WARN_SUSPICIOUS_MOVE = YES;
				CLANG_WARN_UNGUARDED_AVAILABILITY = YES_AGGRESSIVE;
				CLANG_WARN_UNREACHABLE_CODE = YES;
				CLANG_WARN__DUPLICATE_METHOD_MATCH = YES;
				COPY_PHASE_STRIP = NO;
				DEBUG_INFORMATION_FORMAT = dwarf;
				ENABLE_STRICT_OBJC_MSGSEND = YES;
				ENABLE_TESTABILITY = YES;
				GCC_C_LANGUAGE_STANDARD = gnu11;
				GCC_DYNAMIC_NO_PIC = NO;
				GCC_NO_COMMON_BLOCKS = YES;
				GCC_OPTIMIZATION_LEVEL = 0;
				GCC_PREPROCESSOR_DEFINITIONS = (
					"DEBUG=1",
					"$(inherited)",
				);
				GCC_WARN_64_TO_32_BIT_CONVERSION = YES;
				GCC_WARN_ABOUT_RETURN_TYPE = YES_ERROR;
				GCC_WARN_UNDECLARED_SELECTOR = YES;
				GCC_WARN_UNINITIALIZED_AUTOS = YES_AGGRESSIVE;
				GCC_WARN_UNUSED_FUNCTION = YES;
				GCC_WARN_UNUSED_VARIABLE = YES;
				IPHONEOS_DEPLOYMENT_TARGET = 13.0;
				MTL_ENABLE_DEBUG_INFO = INCLUDE_SOURCE;
				MTL_FAST_MATH = YES;
				ONLY_ACTIVE_ARCH = YES;
				SDKROOT = iphoneos;
				SWIFT_ACTIVE_COMPILATION_CONDITIONS = DEBUG;
				SWIFT_OPTIMIZATION_LEVEL = "-Onone";
			};
			name = Debug;
		};
		FF66B4C428B9EEDA00A4C27E /* Release */ = {
			isa = XCBuildConfiguration;
			buildSettings = {
				ALWAYS_SEARCH_USER_PATHS = NO;
				CLANG_ANALYZER_NONNULL = YES;
				CLANG_ANALYZER_NUMBER_OBJECT_CONVERSION = YES_AGGRESSIVE;
				CLANG_CXX_LANGUAGE_STANDARD = "gnu++17";
				CLANG_ENABLE_MODULES = YES;
				CLANG_ENABLE_OBJC_ARC = YES;
				CLANG_ENABLE_OBJC_WEAK = YES;
				CLANG_WARN_BLOCK_CAPTURE_AUTORELEASING = YES;
				CLANG_WARN_BOOL_CONVERSION = YES;
				CLANG_WARN_COMMA = YES;
				CLANG_WARN_CONSTANT_CONVERSION = YES;
				CLANG_WARN_DEPRECATED_OBJC_IMPLEMENTATIONS = YES;
				CLANG_WARN_DIRECT_OBJC_ISA_USAGE = YES_ERROR;
				CLANG_WARN_DOCUMENTATION_COMMENTS = YES;
				CLANG_WARN_EMPTY_BODY = YES;
				CLANG_WARN_ENUM_CONVERSION = YES;
				CLANG_WARN_INFINITE_RECURSION = YES;
				CLANG_WARN_INT_CONVERSION = YES;
				CLANG_WARN_NON_LITERAL_NULL_CONVERSION = YES;
				CLANG_WARN_OBJC_IMPLICIT_RETAIN_SELF = YES;
				CLANG_WARN_OBJC_LITERAL_CONVERSION = YES;
				CLANG_WARN_OBJC_ROOT_CLASS = YES_ERROR;
				CLANG_WARN_QUOTED_INCLUDE_IN_FRAMEWORK_HEADER = YES;
				CLANG_WARN_RANGE_LOOP_ANALYSIS = YES;
				CLANG_WARN_STRICT_PROTOTYPES = YES;
				CLANG_WARN_SUSPICIOUS_MOVE = YES;
				CLANG_WARN_UNGUARDED_AVAILABILITY = YES_AGGRESSIVE;
				CLANG_WARN_UNREACHABLE_CODE = YES;
				CLANG_WARN__DUPLICATE_METHOD_MATCH = YES;
				COPY_PHASE_STRIP = NO;
				DEBUG_INFORMATION_FORMAT = "dwarf-with-dsym";
				ENABLE_NS_ASSERTIONS = NO;
				ENABLE_STRICT_OBJC_MSGSEND = YES;
				GCC_C_LANGUAGE_STANDARD = gnu11;
				GCC_NO_COMMON_BLOCKS = YES;
				GCC_WARN_64_TO_32_BIT_CONVERSION = YES;
				GCC_WARN_ABOUT_RETURN_TYPE = YES_ERROR;
				GCC_WARN_UNDECLARED_SELECTOR = YES;
				GCC_WARN_UNINITIALIZED_AUTOS = YES_AGGRESSIVE;
				GCC_WARN_UNUSED_FUNCTION = YES;
				GCC_WARN_UNUSED_VARIABLE = YES;
				IPHONEOS_DEPLOYMENT_TARGET = 13.0;
				MTL_ENABLE_DEBUG_INFO = NO;
				MTL_FAST_MATH = YES;
				SDKROOT = iphoneos;
				SWIFT_COMPILATION_MODE = wholemodule;
				SWIFT_OPTIMIZATION_LEVEL = "-O";
				VALIDATE_PRODUCT = YES;
			};
			name = Release;
		};
		FF66B4C628B9EEDA00A4C27E /* Debug */ = {
			isa = XCBuildConfiguration;
			buildSettings = {
				ASSETCATALOG_COMPILER_APPICON_NAME = AppIcon;
				ASSETCATALOG_COMPILER_GLOBAL_ACCENT_COLOR_NAME = AccentColor;
				CODE_SIGN_STYLE = Automatic;
				CURRENT_PROJECT_VERSION = 3;
				DEVELOPMENT_TEAM = 652N83SUWA;
				GENERATE_INFOPLIST_FILE = YES;
				INFOPLIST_FILE = iSense/Info.plist;
				INFOPLIST_KEY_CFBundleDisplayName = iSense;
				INFOPLIST_KEY_LSApplicationCategoryType = "public.app-category.utilities";
				INFOPLIST_KEY_UIApplicationSupportsIndirectInputEvents = YES;
				INFOPLIST_KEY_UILaunchStoryboardName = LaunchScreen;
				INFOPLIST_KEY_UIMainStoryboardFile = Main;
				INFOPLIST_KEY_UISupportedInterfaceOrientations = UIInterfaceOrientationPortrait;
				INFOPLIST_KEY_UISupportedInterfaceOrientations_iPad = "UIInterfaceOrientationPortrait UIInterfaceOrientationPortraitUpsideDown UIInterfaceOrientationLandscapeLeft UIInterfaceOrientationLandscapeRight";
				INFOPLIST_KEY_UISupportedInterfaceOrientations_iPhone = "UIInterfaceOrientationPortrait UIInterfaceOrientationLandscapeLeft UIInterfaceOrientationLandscapeRight";
				IPHONEOS_DEPLOYMENT_TARGET = 13.0;
				LD_RUNPATH_SEARCH_PATHS = (
					"$(inherited)",
					"@executable_path/Frameworks",
				);
				MARKETING_VERSION = 1.3;
				PRODUCT_BUNDLE_IDENTIFIER = magic.borg.iSense;
				PRODUCT_NAME = "$(TARGET_NAME)";
				SWIFT_EMIT_LOC_STRINGS = YES;
				SWIFT_VERSION = 5.0;
				TARGETED_DEVICE_FAMILY = 1;
			};
			name = Debug;
		};
		FF66B4C728B9EEDA00A4C27E /* Release */ = {
			isa = XCBuildConfiguration;
			buildSettings = {
				ASSETCATALOG_COMPILER_APPICON_NAME = AppIcon;
				ASSETCATALOG_COMPILER_GLOBAL_ACCENT_COLOR_NAME = AccentColor;
				CODE_SIGN_STYLE = Automatic;
				CURRENT_PROJECT_VERSION = 3;
				DEVELOPMENT_TEAM = 652N83SUWA;
				GENERATE_INFOPLIST_FILE = YES;
				INFOPLIST_FILE = iSense/Info.plist;
				INFOPLIST_KEY_CFBundleDisplayName = iSense;
				INFOPLIST_KEY_LSApplicationCategoryType = "public.app-category.utilities";
				INFOPLIST_KEY_UIApplicationSupportsIndirectInputEvents = YES;
				INFOPLIST_KEY_UILaunchStoryboardName = LaunchScreen;
				INFOPLIST_KEY_UIMainStoryboardFile = Main;
				INFOPLIST_KEY_UISupportedInterfaceOrientations = UIInterfaceOrientationPortrait;
				INFOPLIST_KEY_UISupportedInterfaceOrientations_iPad = "UIInterfaceOrientationPortrait UIInterfaceOrientationPortraitUpsideDown UIInterfaceOrientationLandscapeLeft UIInterfaceOrientationLandscapeRight";
				INFOPLIST_KEY_UISupportedInterfaceOrientations_iPhone = "UIInterfaceOrientationPortrait UIInterfaceOrientationLandscapeLeft UIInterfaceOrientationLandscapeRight";
				IPHONEOS_DEPLOYMENT_TARGET = 13.0;
				LD_RUNPATH_SEARCH_PATHS = (
					"$(inherited)",
					"@executable_path/Frameworks",
				);
				MARKETING_VERSION = 1.3;
				PRODUCT_BUNDLE_IDENTIFIER = magic.borg.iSense;
				PRODUCT_NAME = "$(TARGET_NAME)";
				SWIFT_EMIT_LOC_STRINGS = YES;
				SWIFT_VERSION = 5.0;
				TARGETED_DEVICE_FAMILY = 1;
			};
			name = Release;
		};
/* End XCBuildConfiguration section */

/* Begin XCConfigurationList section */
		FF66B4AC28B9EED600A4C27E /* Build configuration list for PBXProject "iSense" */ = {
			isa = XCConfigurationList;
			buildConfigurations = (
				FF66B4C328B9EEDA00A4C27E /* Debug */,
				FF66B4C428B9EEDA00A4C27E /* Release */,
			);
			defaultConfigurationIsVisible = 0;
			defaultConfigurationName = Release;
		};
		FF66B4C528B9EEDA00A4C27E /* Build configuration list for PBXNativeTarget "iSense" */ = {
			isa = XCConfigurationList;
			buildConfigurations = (
				FF66B4C628B9EEDA00A4C27E /* Debug */,
				FF66B4C728B9EEDA00A4C27E /* Release */,
			);
			defaultConfigurationIsVisible = 0;
			defaultConfigurationName = Release;
		};
/* End XCConfigurationList section */
	};
	rootObject = FF66B4A928B9EED600A4C27E /* Project object */;
}
